
Microsoft Visual Studio Solution File, Format Version 12.00
# Visual Studio 15
VisualStudioVersion = 15.0.28307.902
MinimumVisualStudioVersion = 10.0.40219.1
Project("{FAE04EC0-301F-11D3-BF4B-00C04F79EFBC}") = "SemPolimorfismo", "Polimorfismo\SemPolimorfismo.csproj", "{B9CE1A96-2953-401B-984D-E4E45427EA2B}"
EndProject
Project("{2150E333-8FDC-42A3-9474-1A3956D46DE8}") = "Solution Items", "Solution Items", "{AF92F832-2815-4885-9220-1E0C95B9E1F3}"
EndProject
Global
	GlobalSection(SolutionConfigurationPlatforms) = preSolution
		Debug|Any CPU = Debug|Any CPU
		Release|Any CPU = Release|Any CPU
	EndGlobalSection
	GlobalSection(ProjectConfigurationPlatforms) = postSolution
		{B9CE1A96-2953-401B-984D-E4E45427EA2B}.Debug|Any CPU.ActiveCfg = Debug|Any CPU
		{B9CE1A96-2953-401B-984D-E4E45427EA2B}.Debug|Any CPU.Build.0 = Debug|Any CPU
		{B9CE1A96-2953-401B-984D-E4E45427EA2B}.Release|Any CPU.ActiveCfg = Release|Any CPU
		{B9CE1A96-2953-401B-984D-E4E45427EA2B}.Release|Any CPU.Build.0 = Release|Any CPU
	EndGlobalSection
	GlobalSection(SolutionProperties) = preSolution
		HideSolutionNode = FALSE
	EndGlobalSection
	GlobalSection(ExtensibilityGlobals) = postSolution
		SolutionGuid = {B8E58148-B00B-41B9-B39C-1912E5EBA2C6}
	EndGlobalSection
EndGlobal
